{
  "object": {
    "pins": [
      {
        "package": "Kingfisher",
        "repositoryURL": "https://github.com/onevcat/Kingfisher.git",
        "state": {
          "branch": "master",
          "revision": "7af80eb267a0173112530b8d34e3d91ff7228532",
          "version": null
        }
      }
    ]
  },
  "version": 1
}
